{
  "name": "papaya-viewer",
  "version": "1.0.1449",
  "lockfileVersion": 2,
  "requires": true,
  "packages": {
    "": {
      "name": "papaya-viewer",
      "version": "1.0.1449",
      "license": "MIT",
      "dependencies": {
        "bowser": "^2.11.0",
        "daikon": "^1.2.42",
        "gifti-reader-js": "^0.4.4",
        "gl-matrix": "^3.3.0",
        "jquery": "^3.6.0",
        "nifti-reader-js": "^0.5.4",
        "pako": "^2.0.3"
      }
    },
    "node_modules/bowser": {
      "version": "2.11.0",
      "resolved": "https://registry.npmjs.org/bowser/-/bowser-2.11.0.tgz",
      "integrity": "sha512-AlcaJBi/pqqJBIQ8U9Mcpc9i8Aqxn88Skv5d+xBX006BY5u8N3mGLHa5Lgppa7L/HfwgwLgZ6NYs+Ag6uUmJRA=="
    },
    "node_modules/daikon": {
      "version": "1.2.42",
      "resolved": "https://registry.npmjs.org/daikon/-/daikon-1.2.42.tgz",
      "integrity": "sha512-uEJKRNpJo6lWCMr1UehBJLCnpsmoY4cmaedjL03UCeUmyoV2SsCYiEo8I+rhfuoj2FHqtDJFRGfZAW729berww==",
      "dependencies": {
        "jpeg-lossless-decoder-js": "git+https://github.com/rii-mango/JPEGLosslessDecoderJS.git",
        "pako": "^1.0.6"
      }
    },
    "node_modules/daikon/node_modules/pako": {
      "version": "1.0.11",
      "resolved": "https://registry.npmjs.org/pako/-/pako-1.0.11.tgz",
      "integrity": "sha512-4hLB8Py4zZce5s4yd9XzopqwVv/yGNhV1Bl8NTmCq1763HeK2+EwVTv+leGeL13Dnh2wfbqowVPXCIO0z4taYw=="
    },
    "node_modules/gifti-reader-js": {
      "version": "0.4.4",
      "resolved": "https://registry.npmjs.org/gifti-reader-js/-/gifti-reader-js-0.4.4.tgz",
      "integrity": "sha1-SPoyTLrmFNkBjENzboM/DpAbDFU=",
      "dependencies": {
        "pako": "*",
        "sax": "*"
      }
    },
    "node_modules/gl-matrix": {
      "version": "3.3.0",
      "resolved": "https://registry.npmjs.org/gl-matrix/-/gl-matrix-3.3.0.tgz",
      "integrity": "sha512-COb7LDz+SXaHtl/h4LeaFcNdJdAQSDeVqjiIihSXNrkWObZLhDI4hIkZC11Aeqp7bcE72clzB0BnDXr2SmslRA=="
    },
    "node_modules/jpeg-lossless-decoder-js": {
      "version": "2.0.4",
      "resolved": "git+ssh://git@github.com/rii-mango/JPEGLosslessDecoderJS.git#78fe90c7cae985b1a394a66f99c81633144bb867",
      "license": "MIT"
    },
    "node_modules/jquery": {
      "version": "3.6.0",
      "resolved": "https://registry.npmjs.org/jquery/-/jquery-3.6.0.tgz",
      "integrity": "sha512-JVzAR/AjBvVt2BmYhxRCSYysDsPcssdmTFnzyLEts9qNwmjmu4JTAMYubEfwVOSwpQ1I1sKKFcxhZCI2buerfw=="
    },
    "node_modules/nifti-reader-js": {
      "version": "0.5.4",
      "resolved": "https://registry.npmjs.org/nifti-reader-js/-/nifti-reader-js-0.5.4.tgz",
      "integrity": "sha1-poNfYlq6P9C5HSVU2ZVFoA0PIWE=",
      "dependencies": {
        "pako": "*"
      }
    },
    "node_modules/pako": {
      "version": "2.0.3",
      "resolved": "https://registry.npmjs.org/pako/-/pako-2.0.3.tgz",
      "integrity": "sha512-WjR1hOeg+kki3ZIOjaf4b5WVcay1jaliKSYiEaB1XzwhMQZJxRdQRv0V31EKBYlxb4T7SK3hjfc/jxyU64BoSw=="
    },
    "node_modules/sax": {
      "version": "1.2.4",
      "resolved": "https://registry.npmjs.org/sax/-/sax-1.2.4.tgz",
      "integrity": "sha512-NqVDv9TpANUjFm0N8uM5GxL36UgKi9/atZw+x7YFnQ8ckwFGKrl4xX4yWtrey3UJm5nP1kUbnYgLopqWNSRhWw=="
    }
  },
  "dependencies": {
    "bowser": {
      "version": "2.11.0",
      "resolved": "https://registry.npmjs.org/bowser/-/bowser-2.11.0.tgz",
      "integrity": "sha512-AlcaJBi/pqqJBIQ8U9Mcpc9i8Aqxn88Skv5d+xBX006BY5u8N3mGLHa5Lgppa7L/HfwgwLgZ6NYs+Ag6uUmJRA=="
    },
    "daikon": {
      "version": "1.2.42",
      "resolved": "https://registry.npmjs.org/daikon/-/daikon-1.2.42.tgz",
      "integrity": "sha512-uEJKRNpJo6lWCMr1UehBJLCnpsmoY4cmaedjL03UCeUmyoV2SsCYiEo8I+rhfuoj2FHqtDJFRGfZAW729berww==",
      "requires": {
        "jpeg-lossless-decoder-js": "git+https://github.com/rii-mango/JPEGLosslessDecoderJS.git",
        "pako": "^1.0.6"
      },
      "dependencies": {
        "pako": {
          "version": "1.0.11",
          "resolved": "https://registry.npmjs.org/pako/-/pako-1.0.11.tgz",
          "integrity": "sha512-4hLB8Py4zZce5s4yd9XzopqwVv/yGNhV1Bl8NTmCq1763HeK2+EwVTv+leGeL13Dnh2wfbqowVPXCIO0z4taYw=="
        }
      }
    },
    "gifti-reader-js": {
      "version": "0.4.4",
      "resolved": "https://registry.npmjs.org/gifti-reader-js/-/gifti-reader-js-0.4.4.tgz",
      "integrity": "sha1-SPoyTLrmFNkBjENzboM/DpAbDFU=",
      "requires": {
        "pako": "*",
        "sax": "*"
      }
    },
    "gl-matrix": {
      "version": "3.3.0",
      "resolved": "https://registry.npmjs.org/gl-matrix/-/gl-matrix-3.3.0.tgz",
      "integrity": "sha512-COb7LDz+SXaHtl/h4LeaFcNdJdAQSDeVqjiIihSXNrkWObZLhDI4hIkZC11Aeqp7bcE72clzB0BnDXr2SmslRA=="
    },
    "jpeg-lossless-decoder-js": {
      "version": "git+ssh://git@github.com/rii-mango/JPEGLosslessDecoderJS.git#78fe90c7cae985b1a394a66f99c81633144bb867",
      "from": "jpeg-lossless-decoder-js@git+https://github.com/rii-mango/JPEGLosslessDecoderJS.git"
    },
    "jquery": {
      "version": "3.6.0",
      "resolved": "https://registry.npmjs.org/jquery/-/jquery-3.6.0.tgz",
      "integrity": "sha512-JVzAR/AjBvVt2BmYhxRCSYysDsPcssdmTFnzyLEts9qNwmjmu4JTAMYubEfwVOSwpQ1I1sKKFcxhZCI2buerfw=="
    },
    "nifti-reader-js": {
      "version": "0.5.4",
      "resolved": "https://registry.npmjs.org/nifti-reader-js/-/nifti-reader-js-0.5.4.tgz",
      "integrity": "sha1-poNfYlq6P9C5HSVU2ZVFoA0PIWE=",
      "requires": {
        "pako": "*"
      }
    },
    "pako": {
      "version": "2.0.3",
      "resolved": "https://registry.npmjs.org/pako/-/pako-2.0.3.tgz",
      "integrity": "sha512-WjR1hOeg+kki3ZIOjaf4b5WVcay1jaliKSYiEaB1XzwhMQZJxRdQRv0V31EKBYlxb4T7SK3hjfc/jxyU64BoSw=="
    },
    "sax": {
      "version": "1.2.4",
      "resolved": "https://registry.npmjs.org/sax/-/sax-1.2.4.tgz",
      "integrity": "sha512-NqVDv9TpANUjFm0N8uM5GxL36UgKi9/atZw+x7YFnQ8ckwFGKrl4xX4yWtrey3UJm5nP1kUbnYgLopqWNSRhWw=="
    }
  }
}
